
Microsoft Visual Studio Solution File, Format Version 12.00
# Visual Studio Version 16
VisualStudioVersion = 16.0.31911.196
MinimumVisualStudioVersion = 10.0.40219.1
Project("{FAE04EC0-301F-11D3-BF4B-00C04F79EFBC}") = "Kapsulleme", "Kapsulleme\Kapsulleme.csproj", "{9F312D1B-D088-4BEC-A982-962C21DB6E5C}"
EndProject
Global
	GlobalSection(SolutionConfigurationPlatforms) = preSolution
		Debug|Any CPU = Debug|Any CPU
		Release|Any CPU = Release|Any CPU
	EndGlobalSection
	GlobalSection(ProjectConfigurationPlatforms) = postSolution
		{9F312D1B-D088-4BEC-A982-962C21DB6E5C}.Debug|Any CPU.ActiveCfg = Debug|Any CPU
		{9F312D1B-D088-4BEC-A982-962C21DB6E5C}.Debug|Any CPU.Build.0 = Debug|Any CPU
		{9F312D1B-D088-4BEC-A982-962C21DB6E5C}.Release|Any CPU.ActiveCfg = Release|Any CPU
		{9F312D1B-D088-4BEC-A982-962C21DB6E5C}.Release|Any CPU.Build.0 = Release|Any CPU
	EndGlobalSection
	GlobalSection(SolutionProperties) = preSolution
		HideSolutionNode = FALSE
	EndGlobalSection
	GlobalSection(ExtensibilityGlobals) = postSolution
		SolutionGuid = {EB46FC66-A2B4-425C-AF50-C0E5A50857F4}
	EndGlobalSection
EndGlobal
